# THIS IS AN AUTOGENERATED FILE. DO NOT EDIT THIS FILE DIRECTLY.
# yarn lockfile v1


shopify-taxonomy-core@^1.1.0:
  version "1.1.0"
  resolved "https://registry.yarnpkg.com/shopify-taxonomy-core/-/shopify-taxonomy-core-1.1.0.tgz#e6255ddcbe8149b68054e742a40e1f360d74b550"
  integrity sha512-80aXJmbN3DGxtXRM1OkNHiO2DSuOjKQ76EXKyxrT1Yjv50MHXy/qLkVzQAzhSZ4jV5kMavXSnCFYxhhma+rcWQ==
  dependencies:
    zod "^3.23.8"

zod@^3.23.8:
  version "3.23.8"
  resolved "https://registry.yarnpkg.com/zod/-/zod-3.23.8.tgz#e37b957b5d52079769fb8097099b592f0ef4067d"
  integrity sha512-XBx9AXhXktjUqnepgTiE5flcKIYWi/rme0Eaj+5Y0lftuGBq+jyRu/md4WnuxqgP1ubdpNCsYEYPxrzVHD8d6g==
